{
	"name": "@budarin/simple-button",
	"version": "1.0.7",
	"lockfileVersion": 1,
	"requires": true,
	"dependencies": {
		"@budarin/simple-text": {
			"version": "1.0.7",
			"resolved": "https://registry.npmjs.org/@budarin/simple-text/-/simple-text-1.0.7.tgz",
			"integrity": "sha512-/+XZ4uZE5tX0pSDYhzlomrqBU5MIgkUA6l2NaSGqgPhTXLSReo3DPnJSf9enn36G5S9o+7iP2D+LA7gYVMLWoA==",
			"dev": true
		}
	}
}
